
Microsoft Visual Studio Solution File, Format Version 12.00
# Visual Studio Version 16
VisualStudioVersion = 16.0.32106.194
MinimumVisualStudioVersion = 10.0.40219.1
Project("{FAE04EC0-301F-11D3-BF4B-00C04F79EFBC}") = "ConsoleApp4", "ConsoleApp4.csproj", "{1D2DFC60-EE7E-494D-AB75-4B4D70388832}"
EndProject
Global
	GlobalSection(SolutionConfigurationPlatforms) = preSolution
		Debug|Any CPU = Debug|Any CPU
		Release|Any CPU = Release|Any CPU
	EndGlobalSection
	GlobalSection(ProjectConfigurationPlatforms) = postSolution
		{1D2DFC60-EE7E-494D-AB75-4B4D70388832}.Debug|Any CPU.ActiveCfg = Debug|Any CPU
		{1D2DFC60-EE7E-494D-AB75-4B4D70388832}.Debug|Any CPU.Build.0 = Debug|Any CPU
		{1D2DFC60-EE7E-494D-AB75-4B4D70388832}.Release|Any CPU.ActiveCfg = Release|Any CPU
		{1D2DFC60-EE7E-494D-AB75-4B4D70388832}.Release|Any CPU.Build.0 = Release|Any CPU
	EndGlobalSection
	GlobalSection(SolutionProperties) = preSolution
		HideSolutionNode = FALSE
	EndGlobalSection
	GlobalSection(ExtensibilityGlobals) = postSolution
		SolutionGuid = {0D273143-289F-4CAE-8B3F-E5015378AD60}
	EndGlobalSection
EndGlobal
